{
    "_meta": {
        "hash": {
            "sha256": "03dd4cea9c45b5190e9ace924860bc2684ad12fa475921cde4f54044f648c813"
        },
        "pipfile-spec": 6,
        "requires": {
            "python_version": "3.8"
        },
        "sources": [
            {
                "name": "pypi",
                "url": "https://pypi.org/simple",
                "verify_ssl": true
            }
        ]
    },
    "default": {
        "cb-django-articles": {
            "editable": true,
            "path": "./modules/django_articles"
        }
    },
    "develop": {}
}
